{
    "version": 3,
    "terraform_version": "0.11.7",
    "serial": 12,
    "lineage": "af1ef4f1-9531-76cd-b05f-2ac02947f13f",
    "modules": [
        {
            "path": [
                "root"
            ],
            "outputs": {},
            "resources": {
                "aws_eip.ip": {
                    "type": "aws_eip",
                    "depends_on": [
                        "aws_instance.example"
                    ],
                    "primary": {
                        "id": "eipalloc-03d2654022959b89a",
                        "attributes": {
                            "association_id": "eipassoc-019354ac566372555",
                            "domain": "vpc",
                            "id": "eipalloc-03d2654022959b89a",
                            "instance": "i-014ac7e84caf705da",
                            "network_interface": "eni-0b28dcc424406f859",
                            "private_ip": "172.31.43.110",
                            "public_ip": "18.188.88.33",
                            "tags.%": "0",
                            "vpc": "true"
                        },
                        "meta": {
                            "e2bfb730-ecaa-11e6-8f88-34363bc7c4c0": {
                                "delete": 180000000000,
                                "read": 900000000000,
                                "update": 300000000000
                            }
                        },
                        "tainted": false
                    },
                    "deposed": [],
                    "provider": "provider.aws"
                },
                "aws_instance.example": {
                    "type": "aws_instance",
                    "depends_on": [],
                    "primary": {
                        "id": "i-014ac7e84caf705da",
                        "attributes": {
                            "ami": "ami-40142d25",
                            "arn": "arn:aws:ec2:us-east-2:786231699885:instance/i-014ac7e84caf705da",
                            "associate_public_ip_address": "true",
                            "availability_zone": "us-east-2c",
                            "cpu_core_count": "1",
                            "cpu_threads_per_core": "1",
                            "credit_specification.#": "1",
                            "credit_specification.0.cpu_credits": "standard",
                            "disable_api_termination": "false",
                            "ebs_block_device.#": "0",
                            "ebs_optimized": "false",
                            "ephemeral_block_device.#": "0",
                            "get_password_data": "false",
                            "iam_instance_profile": "",
                            "id": "i-014ac7e84caf705da",
                            "instance_state": "running",
                            "instance_type": "t2.nano",
                            "ipv6_addresses.#": "0",
                            "key_name": "",
                            "monitoring": "false",
                            "network_interface.#": "0",
                            "network_interface_id": "eni-0b28dcc424406f859",
                            "password_data": "",
                            "placement_group": "",
                            "primary_network_interface_id": "eni-0b28dcc424406f859",
                            "private_dns": "ip-172-31-43-110.us-east-2.compute.internal",
                            "private_ip": "172.31.43.110",
                            "public_dns": "ec2-18-217-85-208.us-east-2.compute.amazonaws.com",
                            "public_ip": "18.217.85.208",
                            "root_block_device.#": "1",
                            "root_block_device.0.delete_on_termination": "true",
                            "root_block_device.0.iops": "100",
                            "root_block_device.0.volume_id": "vol-0c526344f1ed38c9b",
                            "root_block_device.0.volume_size": "8",
                            "root_block_device.0.volume_type": "gp2",
                            "security_groups.#": "1",
                            "security_groups.3814588639": "default",
                            "source_dest_check": "true",
                            "subnet_id": "subnet-a4cac0ee",
                            "tags.%": "0",
                            "tenancy": "default",
                            "volume_tags.%": "0",
                            "vpc_security_group_ids.#": "1",
                            "vpc_security_group_ids.1155941268": "sg-51cd6638"
                        },
                        "meta": {
                            "e2bfb730-ecaa-11e6-8f88-34363bc7c4c0": {
                                "create": 600000000000,
                                "delete": 1200000000000,
                                "update": 600000000000
                            },
                            "schema_version": "1"
                        },
                        "tainted": false
                    },
                    "deposed": [],
                    "provider": "provider.aws"
                }
            },
            "depends_on": []
        }
    ]
}
